
Microsoft Visual Studio Solution File, Format Version 12.00
# Visual Studio Version 16
VisualStudioVersion = 16.0.31005.135
MinimumVisualStudioVersion = 10.0.40219.1
Project("{888888A0-9F3D-457C-B088-3A5042F75D52}") = "ReadingBOT", "ReadingBOT\ReadingBOT.pyproj", "{05DC8D1F-CD3F-4B01-B846-31E2FC51AB2A}"
EndProject
Global
	GlobalSection(SolutionConfigurationPlatforms) = preSolution
		Debug|Any CPU = Debug|Any CPU
		Release|Any CPU = Release|Any CPU
	EndGlobalSection
	GlobalSection(ProjectConfigurationPlatforms) = postSolution
		{05DC8D1F-CD3F-4B01-B846-31E2FC51AB2A}.Debug|Any CPU.ActiveCfg = Debug|Any CPU
		{05DC8D1F-CD3F-4B01-B846-31E2FC51AB2A}.Release|Any CPU.ActiveCfg = Release|Any CPU
	EndGlobalSection
	GlobalSection(SolutionProperties) = preSolution
		HideSolutionNode = FALSE
	EndGlobalSection
	GlobalSection(ExtensibilityGlobals) = postSolution
		SolutionGuid = {FFCEED92-E3D0-492D-8E11-DD6931BFE45D}
	EndGlobalSection
EndGlobal
